
Microsoft Visual Studio Solution File, Format Version 12.00
# Visual Studio Version 17
VisualStudioVersion = 17.8.36227.8
MinimumVisualStudioVersion = 10.0.40219.1
Project("{FAE04EC0-301F-11D3-BF4B-00C04F79EFBC}") = "WebApplication6", "WebApplication6.csproj", "{1DBCD2EC-533E-482A-A25E-1B4DFE487187}"
EndProject
Global
	GlobalSection(SolutionConfigurationPlatforms) = preSolution
		Debug|Any CPU = Debug|Any CPU
		Release|Any CPU = Release|Any CPU
	EndGlobalSection
	GlobalSection(ProjectConfigurationPlatforms) = postSolution
		{1DBCD2EC-533E-482A-A25E-1B4DFE487187}.Debug|Any CPU.ActiveCfg = Debug|Any CPU
		{1DBCD2EC-533E-482A-A25E-1B4DFE487187}.Debug|Any CPU.Build.0 = Debug|Any CPU
		{1DBCD2EC-533E-482A-A25E-1B4DFE487187}.Release|Any CPU.ActiveCfg = Release|Any CPU
		{1DBCD2EC-533E-482A-A25E-1B4DFE487187}.Release|Any CPU.Build.0 = Release|Any CPU
	EndGlobalSection
	GlobalSection(SolutionProperties) = preSolution
		HideSolutionNode = FALSE
	EndGlobalSection
	GlobalSection(ExtensibilityGlobals) = postSolution
		SolutionGuid = {940EBB18-6D98-4FD3-966D-264DB8ECD622}
	EndGlobalSection
EndGlobal
